
Microsoft Visual Studio Solution File, Format Version 12.00
# Visual Studio 15
VisualStudioVersion = 15.0.28010.2050
MinimumVisualStudioVersion = 10.0.40219.1
Project("{9A19103F-16F7-4668-BE54-9A1E7A4F7556}") = "WebBase.Api", "WebBase.Api\WebBase.Api.csproj", "{9B979D5E-0C74-441B-A0C3-E985FAD4C360}"
EndProject
Project("{2150E333-8FDC-42A3-9474-1A3956D46DE8}") = "1.Api", "1.Api", "{3355796F-8A9B-4E7D-8637-1D1F715D4CFA}"
EndProject
Project("{2150E333-8FDC-42A3-9474-1A3956D46DE8}") = "4.Data", "4.Data", "{A9E4540E-E14C-4D8C-9FF1-95FB7FA5F6EC}"
EndProject
Project("{2150E333-8FDC-42A3-9474-1A3956D46DE8}") = "Core", "Core", "{276D0DCB-C707-463F-B329-B02B7F24086A}"
EndProject
Project("{2150E333-8FDC-42A3-9474-1A3956D46DE8}") = "2.Services", "2.Services", "{DAAB123E-D2F4-43F7-9CEE-DB6EF569E655}"
EndProject
Project("{2150E333-8FDC-42A3-9474-1A3956D46DE8}") = "3.Repositories", "3.Repositories", "{423260DA-C605-49D3-B98D-7F41DA7A202D}"
EndProject
Project("{9A19103F-16F7-4668-BE54-9A1E7A4F7556}") = "WebBase.Entities", "WebBase.Entities\WebBase.Entities.csproj", "{C7FAAC14-A03F-4F2E-B8FC-ED4EEA7FB2C5}"
EndProject
Project("{9A19103F-16F7-4668-BE54-9A1E7A4F7556}") = "WebBase.Core", "WebBase.Core\WebBase.Core.csproj", "{90FAC529-21BE-46A1-8F91-4A1F2D3E351E}"
EndProject
Project("{9A19103F-16F7-4668-BE54-9A1E7A4F7556}") = "WebBase.EntityFramework", "WebBase.EntityFramework\WebBase.EntityFramework.csproj", "{355B1555-4150-4C4D-801F-2B22D9D5514C}"
EndProject
Project("{9A19103F-16F7-4668-BE54-9A1E7A4F7556}") = "WebBase.Configuration", "WebBase.Configuration\WebBase.Configuration.csproj", "{F2F11F2D-F91C-4D35-B71B-FB587608B916}"
EndProject
Project("{9A19103F-16F7-4668-BE54-9A1E7A4F7556}") = "WebBase.Models", "WebBase.Models\WebBase.Models.csproj", "{48E4C65D-5C30-47C9-899D-5B562EFF0133}"
EndProject
Project("{9A19103F-16F7-4668-BE54-9A1E7A4F7556}") = "WebBase.AutoMapper", "WebBase.AutoMapper\WebBase.AutoMapper.csproj", "{21D8C435-C361-48FF-B90D-F3845B79D327}"
EndProject
Project("{FAE04EC0-301F-11D3-BF4B-00C04F79EFBC}") = "WebBase.Repositories", "WebBase.Repositories\WebBase.Repositories.csproj", "{1D2AF4AD-4816-4DD6-A1F7-CB22498358CC}"
EndProject
Project("{FAE04EC0-301F-11D3-BF4B-00C04F79EFBC}") = "WebBase.Repositories.Implement", "WebBase.Repository.Implement\WebBase.Repositories.Implement.csproj", "{B99C7835-6452-4172-8769-A0C92DEF7FEA}"
EndProject
Project("{FAE04EC0-301F-11D3-BF4B-00C04F79EFBC}") = "WebBase.Services", "WebBase.Services\WebBase.Services.csproj", "{78049605-008D-4D10-A017-7B9A98694C79}"
EndProject
Project("{FAE04EC0-301F-11D3-BF4B-00C04F79EFBC}") = "WebBase.Services.Implement", "WebBase.Services.Implement\WebBase.Services.Implement.csproj", "{4855E4DF-5363-4392-9DAB-A82FD681507B}"
EndProject
Global
	GlobalSection(SolutionConfigurationPlatforms) = preSolution
		Debug|Any CPU = Debug|Any CPU
		Release|Any CPU = Release|Any CPU
	EndGlobalSection
	GlobalSection(ProjectConfigurationPlatforms) = postSolution
		{9B979D5E-0C74-441B-A0C3-E985FAD4C360}.Debug|Any CPU.ActiveCfg = Debug|Any CPU
		{9B979D5E-0C74-441B-A0C3-E985FAD4C360}.Debug|Any CPU.Build.0 = Debug|Any CPU
		{9B979D5E-0C74-441B-A0C3-E985FAD4C360}.Release|Any CPU.ActiveCfg = Release|Any CPU
		{9B979D5E-0C74-441B-A0C3-E985FAD4C360}.Release|Any CPU.Build.0 = Release|Any CPU
		{C7FAAC14-A03F-4F2E-B8FC-ED4EEA7FB2C5}.Debug|Any CPU.ActiveCfg = Debug|Any CPU
		{C7FAAC14-A03F-4F2E-B8FC-ED4EEA7FB2C5}.Debug|Any CPU.Build.0 = Debug|Any CPU
		{C7FAAC14-A03F-4F2E-B8FC-ED4EEA7FB2C5}.Release|Any CPU.ActiveCfg = Release|Any CPU
		{C7FAAC14-A03F-4F2E-B8FC-ED4EEA7FB2C5}.Release|Any CPU.Build.0 = Release|Any CPU
		{90FAC529-21BE-46A1-8F91-4A1F2D3E351E}.Debug|Any CPU.ActiveCfg = Debug|Any CPU
		{90FAC529-21BE-46A1-8F91-4A1F2D3E351E}.Debug|Any CPU.Build.0 = Debug|Any CPU
		{90FAC529-21BE-46A1-8F91-4A1F2D3E351E}.Release|Any CPU.ActiveCfg = Release|Any CPU
		{90FAC529-21BE-46A1-8F91-4A1F2D3E351E}.Release|Any CPU.Build.0 = Release|Any CPU
		{355B1555-4150-4C4D-801F-2B22D9D5514C}.Debug|Any CPU.ActiveCfg = Debug|Any CPU
		{355B1555-4150-4C4D-801F-2B22D9D5514C}.Debug|Any CPU.Build.0 = Debug|Any CPU
		{355B1555-4150-4C4D-801F-2B22D9D5514C}.Release|Any CPU.ActiveCfg = Release|Any CPU
		{355B1555-4150-4C4D-801F-2B22D9D5514C}.Release|Any CPU.Build.0 = Release|Any CPU
		{F2F11F2D-F91C-4D35-B71B-FB587608B916}.Debug|Any CPU.ActiveCfg = Debug|Any CPU
		{F2F11F2D-F91C-4D35-B71B-FB587608B916}.Debug|Any CPU.Build.0 = Debug|Any CPU
		{F2F11F2D-F91C-4D35-B71B-FB587608B916}.Release|Any CPU.ActiveCfg = Release|Any CPU
		{F2F11F2D-F91C-4D35-B71B-FB587608B916}.Release|Any CPU.Build.0 = Release|Any CPU
		{48E4C65D-5C30-47C9-899D-5B562EFF0133}.Debug|Any CPU.ActiveCfg = Debug|Any CPU
		{48E4C65D-5C30-47C9-899D-5B562EFF0133}.Debug|Any CPU.Build.0 = Debug|Any CPU
		{48E4C65D-5C30-47C9-899D-5B562EFF0133}.Release|Any CPU.ActiveCfg = Release|Any CPU
		{48E4C65D-5C30-47C9-899D-5B562EFF0133}.Release|Any CPU.Build.0 = Release|Any CPU
		{21D8C435-C361-48FF-B90D-F3845B79D327}.Debug|Any CPU.ActiveCfg = Debug|Any CPU
		{21D8C435-C361-48FF-B90D-F3845B79D327}.Debug|Any CPU.Build.0 = Debug|Any CPU
		{21D8C435-C361-48FF-B90D-F3845B79D327}.Release|Any CPU.ActiveCfg = Release|Any CPU
		{21D8C435-C361-48FF-B90D-F3845B79D327}.Release|Any CPU.Build.0 = Release|Any CPU
		{1D2AF4AD-4816-4DD6-A1F7-CB22498358CC}.Debug|Any CPU.ActiveCfg = Debug|Any CPU
		{1D2AF4AD-4816-4DD6-A1F7-CB22498358CC}.Debug|Any CPU.Build.0 = Debug|Any CPU
		{1D2AF4AD-4816-4DD6-A1F7-CB22498358CC}.Release|Any CPU.ActiveCfg = Release|Any CPU
		{1D2AF4AD-4816-4DD6-A1F7-CB22498358CC}.Release|Any CPU.Build.0 = Release|Any CPU
		{B99C7835-6452-4172-8769-A0C92DEF7FEA}.Debug|Any CPU.ActiveCfg = Debug|Any CPU
		{B99C7835-6452-4172-8769-A0C92DEF7FEA}.Debug|Any CPU.Build.0 = Debug|Any CPU
		{B99C7835-6452-4172-8769-A0C92DEF7FEA}.Release|Any CPU.ActiveCfg = Release|Any CPU
		{B99C7835-6452-4172-8769-A0C92DEF7FEA}.Release|Any CPU.Build.0 = Release|Any CPU
		{78049605-008D-4D10-A017-7B9A98694C79}.Debug|Any CPU.ActiveCfg = Debug|Any CPU
		{78049605-008D-4D10-A017-7B9A98694C79}.Debug|Any CPU.Build.0 = Debug|Any CPU
		{78049605-008D-4D10-A017-7B9A98694C79}.Release|Any CPU.ActiveCfg = Release|Any CPU
		{78049605-008D-4D10-A017-7B9A98694C79}.Release|Any CPU.Build.0 = Release|Any CPU
		{4855E4DF-5363-4392-9DAB-A82FD681507B}.Debug|Any CPU.ActiveCfg = Debug|Any CPU
		{4855E4DF-5363-4392-9DAB-A82FD681507B}.Debug|Any CPU.Build.0 = Debug|Any CPU
		{4855E4DF-5363-4392-9DAB-A82FD681507B}.Release|Any CPU.ActiveCfg = Release|Any CPU
		{4855E4DF-5363-4392-9DAB-A82FD681507B}.Release|Any CPU.Build.0 = Release|Any CPU
	EndGlobalSection
	GlobalSection(SolutionProperties) = preSolution
		HideSolutionNode = FALSE
	EndGlobalSection
	GlobalSection(NestedProjects) = preSolution
		{9B979D5E-0C74-441B-A0C3-E985FAD4C360} = {3355796F-8A9B-4E7D-8637-1D1F715D4CFA}
		{C7FAAC14-A03F-4F2E-B8FC-ED4EEA7FB2C5} = {A9E4540E-E14C-4D8C-9FF1-95FB7FA5F6EC}
		{90FAC529-21BE-46A1-8F91-4A1F2D3E351E} = {276D0DCB-C707-463F-B329-B02B7F24086A}
		{355B1555-4150-4C4D-801F-2B22D9D5514C} = {A9E4540E-E14C-4D8C-9FF1-95FB7FA5F6EC}
		{F2F11F2D-F91C-4D35-B71B-FB587608B916} = {276D0DCB-C707-463F-B329-B02B7F24086A}
		{48E4C65D-5C30-47C9-899D-5B562EFF0133} = {276D0DCB-C707-463F-B329-B02B7F24086A}
		{21D8C435-C361-48FF-B90D-F3845B79D327} = {276D0DCB-C707-463F-B329-B02B7F24086A}
		{1D2AF4AD-4816-4DD6-A1F7-CB22498358CC} = {423260DA-C605-49D3-B98D-7F41DA7A202D}
		{B99C7835-6452-4172-8769-A0C92DEF7FEA} = {423260DA-C605-49D3-B98D-7F41DA7A202D}
		{78049605-008D-4D10-A017-7B9A98694C79} = {DAAB123E-D2F4-43F7-9CEE-DB6EF569E655}
		{4855E4DF-5363-4392-9DAB-A82FD681507B} = {DAAB123E-D2F4-43F7-9CEE-DB6EF569E655}
	EndGlobalSection
	GlobalSection(ExtensibilityGlobals) = postSolution
		SolutionGuid = {EC5A9A8C-418F-4750-AE8D-1A8FE4BBBDC0}
	EndGlobalSection
EndGlobal
